
Microsoft Visual Studio Solution File, Format Version 12.00
# Visual Studio 15
VisualStudioVersion = 15.0.27703.2035
MinimumVisualStudioVersion = 10.0.40219.1
Project("{FAE04EC0-301F-11D3-BF4B-00C04F79EFBC}") = "NorthwindDALLibrary", "NorthwindDALLibrary\NorthwindDALLibrary.csproj", "{71990ED9-0611-4295-B1CB-D7D640F01173}"
EndProject
Project("{FAE04EC0-301F-11D3-BF4B-00C04F79EFBC}") = "NorthClientConApp.cs", "NorthClientConApp.cs\NorthClientConApp.cs.csproj", "{4C02601A-3AAE-40C5-8D01-774FBC7ABD78}"
EndProject
Project("{FAE04EC0-301F-11D3-BF4B-00C04F79EFBC}") = "DisconnectedNorthConApp", "DisconnectedNorthConApp\DisconnectedNorthConApp.csproj", "{3946A702-49AC-4433-B59C-1E1EF3072C0E}"
EndProject
Global
	GlobalSection(SolutionConfigurationPlatforms) = preSolution
		Debug|Any CPU = Debug|Any CPU
		Release|Any CPU = Release|Any CPU
	EndGlobalSection
	GlobalSection(ProjectConfigurationPlatforms) = postSolution
		{71990ED9-0611-4295-B1CB-D7D640F01173}.Debug|Any CPU.ActiveCfg = Debug|Any CPU
		{71990ED9-0611-4295-B1CB-D7D640F01173}.Debug|Any CPU.Build.0 = Debug|Any CPU
		{71990ED9-0611-4295-B1CB-D7D640F01173}.Release|Any CPU.ActiveCfg = Release|Any CPU
		{71990ED9-0611-4295-B1CB-D7D640F01173}.Release|Any CPU.Build.0 = Release|Any CPU
		{4C02601A-3AAE-40C5-8D01-774FBC7ABD78}.Debug|Any CPU.ActiveCfg = Debug|Any CPU
		{4C02601A-3AAE-40C5-8D01-774FBC7ABD78}.Debug|Any CPU.Build.0 = Debug|Any CPU
		{4C02601A-3AAE-40C5-8D01-774FBC7ABD78}.Release|Any CPU.ActiveCfg = Release|Any CPU
		{4C02601A-3AAE-40C5-8D01-774FBC7ABD78}.Release|Any CPU.Build.0 = Release|Any CPU
		{3946A702-49AC-4433-B59C-1E1EF3072C0E}.Debug|Any CPU.ActiveCfg = Debug|Any CPU
		{3946A702-49AC-4433-B59C-1E1EF3072C0E}.Debug|Any CPU.Build.0 = Debug|Any CPU
		{3946A702-49AC-4433-B59C-1E1EF3072C0E}.Release|Any CPU.ActiveCfg = Release|Any CPU
		{3946A702-49AC-4433-B59C-1E1EF3072C0E}.Release|Any CPU.Build.0 = Release|Any CPU
	EndGlobalSection
	GlobalSection(SolutionProperties) = preSolution
		HideSolutionNode = FALSE
	EndGlobalSection
	GlobalSection(ExtensibilityGlobals) = postSolution
		SolutionGuid = {4CE9F8D0-D61C-49E2-9C59-85E981F55EA5}
	EndGlobalSection
EndGlobal
